// !$*UTF8*$!
{
	archiveVersion = 1;
	classes = {
	};
	objectVersion = 50;
	objects = {

/* Begin PBXBuildFile section */
		FA0B41E825DDEDC800E69E0E /* AppDelegate.m in Sources */ = {isa = PBXBuildFile; fileRef = FA0B41E725DDEDC800E69E0E /* AppDelegate.m */; };
		FA0B41EB25DDEDC800E69E0E /* SceneDelegate.m in Sources */ = {isa = PBXBuildFile; fileRef = FA0B41EA25DDEDC800E69E0E /* SceneDelegate.m */; };
		FA0B41F125DDEDC800E69E0E /* Main.storyboard in Resources */ = {isa = PBXBuildFile; fileRef = FA0B41EF25DDEDC800E69E0E /* Main.storyboard */; };
		FA0B41F325DDEDC900E69E0E /* Assets.xcassets in Resources */ = {isa = PBXBuildFile; fileRef = FA0B41F225DDEDC900E69E0E /* Assets.xcassets */; };
		FA0B41F625DDEDC900E69E0E /* LaunchScreen.storyboard in Resources */ = {isa = PBXBuildFile; fileRef = FA0B41F425DDEDC900E69E0E /* LaunchScreen.storyboard */; };
		FA0B41F925DDEDC900E69E0E /* main.m in Sources */ = {isa = PBXBuildFile; fileRef = FA0B41F825DDEDC900E69E0E /* main.m */; };
		FA0B420B25DDEE2E00E69E0E /* GLESRenderer.cpp in Sources */ = {isa = PBXBuildFile; fileRef = FA0B420025DDEE2D00E69E0E /* GLESRenderer.cpp */; };
		FA0B420D25DDEE2E00E69E0E /* Renderer.mm in Sources */ = {isa = PBXBuildFile; fileRef = FA0B420225DDEE2D00E69E0E /* Renderer.mm */; };
		FA0B420F25DDEE2E00E69E0E /* Shader.fsh in Resources */ = {isa = PBXBuildFile; fileRef = FA0B420525DDEE2D00E69E0E /* Shader.fsh */; };
		FA0B421025DDEE2E00E69E0E /* Shader.vsh in Resources */ = {isa = PBXBuildFile; fileRef = FA0B420625DDEE2D00E69E0E /* Shader.vsh */; };
		FA0B421925DE07EF00E69E0E /* Transformations.m in Sources */ = {isa = PBXBuildFile; fileRef = FA0B421825DE07EF00E69E0E /* Transformations.m */; };
		FAAA8C5125E4CF52005CDB6B /* crate.jpg in Resources */ = {isa = PBXBuildFile; fileRef = FAAA8C5025E4CF52005CDB6B /* crate.jpg */; };
		FAAA8C5B25E4D413005CDB6B /* ViewController.mm in Sources */ = {isa = PBXBuildFile; fileRef = FAAA8C5A25E4D413005CDB6B /* ViewController.mm */; };
/* End PBXBuildFile section */

/* Begin PBXFileReference section */
		FA0B41E325DDEDC800E69E0E /* A01055477_Assignment1.app */ = {isa = PBXFileReference; explicitFileType = wrapper.application; includeInIndex = 0; path = A01055477_Assignment1.app; sourceTree = BUILT_PRODUCTS_DIR; };
		FA0B41E625DDEDC800E69E0E /* AppDelegate.h */ = {isa = PBXFileReference; lastKnownFileType = sourcecode.c.h; path = AppDelegate.h; sourceTree = "<group>"; };
		FA0B41E725DDEDC800E69E0E /* AppDelegate.m */ = {isa = PBXFileReference; lastKnownFileType = sourcecode.c.objc; path = AppDelegate.m; sourceTree = "<group>"; };
		FA0B41E925DDEDC800E69E0E /* SceneDelegate.h */ = {isa = PBXFileReference; lastKnownFileType = sourcecode.c.h; path = SceneDelegate.h; sourceTree = "<group>"; };
		FA0B41EA25DDEDC800E69E0E /* SceneDelegate.m */ = {isa = PBXFileReference; lastKnownFileType = sourcecode.c.objc; path = SceneDelegate.m; sourceTree = "<group>"; };
		FA0B41F025DDEDC800E69E0E /* Base */ = {isa = PBXFileReference; lastKnownFileType = file.storyboard; name = Base; path = Base.lproj/Main.storyboard; sourceTree = "<group>"; };
		FA0B41F225DDEDC900E69E0E /* Assets.xcassets */ = {isa = PBXFileReference; lastKnownFileType = folder.assetcatalog; path = Assets.xcassets; sourceTree = "<group>"; };
		FA0B41F525DDEDC900E69E0E /* Base */ = {isa = PBXFileReference; lastKnownFileType = file.storyboard; name = Base; path = Base.lproj/LaunchScreen.storyboard; sourceTree = "<group>"; };
		FA0B41F725DDEDC900E69E0E /* Info.plist */ = {isa = PBXFileReference; lastKnownFileType = text.plist.xml; path = Info.plist; sourceTree = "<group>"; };
		FA0B41F825DDEDC900E69E0E /* main.m */ = {isa = PBXFileReference; lastKnownFileType = sourcecode.c.objc; path = main.m; sourceTree = "<group>"; };
		FA0B420025DDEE2D00E69E0E /* GLESRenderer.cpp */ = {isa = PBXFileReference; fileEncoding = 4; lastKnownFileType = sourcecode.cpp.cpp; path = GLESRenderer.cpp; sourceTree = "<group>"; };
		FA0B420225DDEE2D00E69E0E /* Renderer.mm */ = {isa = PBXFileReference; fileEncoding = 4; lastKnownFileType = sourcecode.cpp.objcpp; path = Renderer.mm; sourceTree = "<group>"; };
		FA0B420325DDEE2D00E69E0E /* GLESRenderer.hpp */ = {isa = PBXFileReference; fileEncoding = 4; lastKnownFileType = sourcecode.cpp.h; path = GLESRenderer.hpp; sourceTree = "<group>"; };
		FA0B420525DDEE2D00E69E0E /* Shader.fsh */ = {isa = PBXFileReference; fileEncoding = 4; lastKnownFileType = sourcecode.glsl; path = Shader.fsh; sourceTree = "<group>"; };
		FA0B420625DDEE2D00E69E0E /* Shader.vsh */ = {isa = PBXFileReference; fileEncoding = 4; lastKnownFileType = sourcecode.glsl; path = Shader.vsh; sourceTree = "<group>"; };
		FA0B420725DDEE2D00E69E0E /* Renderer.h */ = {isa = PBXFileReference; fileEncoding = 4; lastKnownFileType = sourcecode.c.h; path = Renderer.h; sourceTree = "<group>"; };
		FA0B421825DE07EF00E69E0E /* Transformations.m */ = {isa = PBXFileReference; lastKnownFileType = sourcecode.c.objc; path = Transformations.m; sourceTree = "<group>"; };
		FA0B421B25DE081200E69E0E /* Transformations.h */ = {isa = PBXFileReference; lastKnownFileType = sourcecode.c.h; path = Transformations.h; sourceTree = "<group>"; };
		FAAA8C4E25E4CEF5005CDB6B /* ViewController.h */ = {isa = PBXFileReference; lastKnownFileType = sourcecode.c.h; path = ViewController.h; sourceTree = "<group>"; };
		FAAA8C5025E4CF52005CDB6B /* crate.jpg */ = {isa = PBXFileReference; lastKnownFileType = image.jpeg; path = crate.jpg; sourceTree = "<group>"; };
		FAAA8C5A25E4D413005CDB6B /* ViewController.mm */ = {isa = PBXFileReference; lastKnownFileType = sourcecode.cpp.objcpp; path = ViewController.mm; sourceTree = "<group>"; };
/* End PBXFileReference section */

/* Begin PBXFrameworksBuildPhase section */
		FA0B41E025DDEDC800E69E0E /* Frameworks */ = {
			isa = PBXFrameworksBuildPhase;
			buildActionMask = 2147483647;
			files = (
			);
			runOnlyForDeploymentPostprocessing = 0;
		};
/* End PBXFrameworksBuildPhase section */

/* Begin PBXGroup section */
		FA0B41DA25DDEDC800E69E0E = {
			isa = PBXGroup;
			children = (
				FA0B41E525DDEDC800E69E0E /* A01055477_Assignment1 */,
				FA0B41E425DDEDC800E69E0E /* Products */,
			);
			sourceTree = "<group>";
		};
		FA0B41E425DDEDC800E69E0E /* Products */ = {
			isa = PBXGroup;
			children = (
				FA0B41E325DDEDC800E69E0E /* A01055477_Assignment1.app */,
			);
			name = Products;
			sourceTree = "<group>";
		};
		FA0B41E525DDEDC800E69E0E /* A01055477_Assignment1 */ = {
			isa = PBXGroup;
			children = (
				FAAA8C5025E4CF52005CDB6B /* crate.jpg */,
				FA0B421625DDEEAC00E69E0E /* opengl */,
				FAAA8C4E25E4CEF5005CDB6B /* ViewController.h */,
				FA0B41E625DDEDC800E69E0E /* AppDelegate.h */,
				FA0B41E725DDEDC800E69E0E /* AppDelegate.m */,
				FA0B41E925DDEDC800E69E0E /* SceneDelegate.h */,
				FA0B41EA25DDEDC800E69E0E /* SceneDelegate.m */,
				FA0B41EF25DDEDC800E69E0E /* Main.storyboard */,
				FA0B41F225DDEDC900E69E0E /* Assets.xcassets */,
				FA0B41F425DDEDC900E69E0E /* LaunchScreen.storyboard */,
				FA0B41F725DDEDC900E69E0E /* Info.plist */,
				FA0B41F825DDEDC900E69E0E /* main.m */,
			);
			path = A01055477_Assignment1;
			sourceTree = "<group>";
		};
		FA0B421625DDEEAC00E69E0E /* opengl */ = {
			isa = PBXGroup;
			children = (
				FA0B421825DE07EF00E69E0E /* Transformations.m */,
				FA0B421B25DE081200E69E0E /* Transformations.h */,
				FA0B420025DDEE2D00E69E0E /* GLESRenderer.cpp */,
				FA0B420325DDEE2D00E69E0E /* GLESRenderer.hpp */,
				FA0B420725DDEE2D00E69E0E /* Renderer.h */,
				FA0B420225DDEE2D00E69E0E /* Renderer.mm */,
				FA0B420525DDEE2D00E69E0E /* Shader.fsh */,
				FA0B420625DDEE2D00E69E0E /* Shader.vsh */,
				FAAA8C5A25E4D413005CDB6B /* ViewController.mm */,
			);
			path = opengl;
			sourceTree = "<group>";
		};
/* End PBXGroup section */

/* Begin PBXNativeTarget section */
		FA0B41E225DDEDC800E69E0E /* A01055477_Assignment1 */ = {
			isa = PBXNativeTarget;
			buildConfigurationList = FA0B41FC25DDEDC900E69E0E /* Build configuration list for PBXNativeTarget "A01055477_Assignment1" */;
			buildPhases = (
				FA0B41DF25DDEDC800E69E0E /* Sources */,
				FA0B41E025DDEDC800E69E0E /* Frameworks */,
				FA0B41E125DDEDC800E69E0E /* Resources */,
			);
			buildRules = (
			);
			dependencies = (
			);
			name = A01055477_Assignment1;
			productName = A01055477_Assignment1;
			productReference = FA0B41E325DDEDC800E69E0E /* A01055477_Assignment1.app */;
			productType = "com.apple.product-type.application";
		};
/* End PBXNativeTarget section */

/* Begin PBXProject section */
		FA0B41DB25DDEDC800E69E0E /* Project object */ = {
			isa = PBXProject;
			attributes = {
				LastUpgradeCheck = 1220;
				TargetAttributes = {
					FA0B41E225DDEDC800E69E0E = {
						CreatedOnToolsVersion = 12.2;
						LastSwiftMigration = 1220;
					};
				};
			};
			buildConfigurationList = FA0B41DE25DDEDC800E69E0E /* Build configuration list for PBXProject "A01055477_Assignment1" */;
			compatibilityVersion = "Xcode 9.3";
			developmentRegion = en;
			hasScannedForEncodings = 0;
			knownRegions = (
				en,
				Base,
			);
			mainGroup = FA0B41DA25DDEDC800E69E0E;
			productRefGroup = FA0B41E425DDEDC800E69E0E /* Products */;
			projectDirPath = "";
			projectRoot = "";
			targets = (
				FA0B41E225DDEDC800E69E0E /* A01055477_Assignment1 */,
			);
		};
/* End PBXProject section */

/* Begin PBXResourcesBuildPhase section */
		FA0B41E125DDEDC800E69E0E /* Resources */ = {
			isa = PBXResourcesBuildPhase;
			buildActionMask = 2147483647;
			files = (
				FA0B41F625DDEDC900E69E0E /* LaunchScreen.storyboard in Resources */,
				FA0B41F325DDEDC900E69E0E /* Assets.xcassets in Resources */,
				FA0B421025DDEE2E00E69E0E /* Shader.vsh in Resources */,
				FAAA8C5125E4CF52005CDB6B /* crate.jpg in Resources */,
				FA0B41F125DDEDC800E69E0E /* Main.storyboard in Resources */,
				FA0B420F25DDEE2E00E69E0E /* Shader.fsh in Resources */,
			);
			runOnlyForDeploymentPostprocessing = 0;
		};
/* End PBXResourcesBuildPhase section */

/* Begin PBXSourcesBuildPhase section */
		FA0B41DF25DDEDC800E69E0E /* Sources */ = {
			isa = PBXSourcesBuildPhase;
			buildActionMask = 2147483647;
			files = (
				FAAA8C5B25E4D413005CDB6B /* ViewController.mm in Sources */,
				FA0B420B25DDEE2E00E69E0E /* GLESRenderer.cpp in Sources */,
				FA0B421925DE07EF00E69E0E /* Transformations.m in Sources */,
				FA0B41E825DDEDC800E69E0E /* AppDelegate.m in Sources */,
				FA0B41F925DDEDC900E69E0E /* main.m in Sources */,
				FA0B420D25DDEE2E00E69E0E /* Renderer.mm in Sources */,
				FA0B41EB25DDEDC800E69E0E /* SceneDelegate.m in Sources */,
			);
			runOnlyForDeploymentPostprocessing = 0;
		};
/* End PBXSourcesBuildPhase section */

/* Begin PBXVariantGroup section */
		FA0B41EF25DDEDC800E69E0E /* Main.storyboard */ = {
			isa = PBXVariantGroup;
			children = (
				FA0B41F025DDEDC800E69E0E /* Base */,
			);
			name = Main.storyboard;
			sourceTree = "<group>";
		};
		FA0B41F425DDEDC900E69E0E /* LaunchScreen.storyboard */ = {
			isa = PBXVariantGroup;
			children = (
				FA0B41F525DDEDC900E69E0E /* Base */,
			);
			name = LaunchScreen.storyboard;
			sourceTree = "<group>";
		};
/* End PBXVariantGroup section */

/* Begin XCBuildConfiguration section */
		FA0B41FA25DDEDC900E69E0E /* Debug */ = {
			isa = XCBuildConfiguration;
			buildSettings = {
				ALWAYS_SEARCH_USER_PATHS = NO;
				CLANG_ANALYZER_NONNULL = YES;
				CLANG_ANALYZER_NUMBER_OBJECT_CONVERSION = YES_AGGRESSIVE;
				CLANG_CXX_LANGUAGE_STANDARD = "gnu++14";
				CLANG_CXX_LIBRARY = "libc++";
				CLANG_ENABLE_MODULES = YES;
				CLANG_ENABLE_OBJC_ARC = YES;
				CLANG_ENABLE_OBJC_WEAK = YES;
				CLANG_WARN_BLOCK_CAPTURE_AUTORELEASING = YES;
				CLANG_WARN_BOOL_CONVERSION = YES;
				CLANG_WARN_COMMA = YES;
				CLANG_WARN_CONSTANT_CONVERSION = YES;
				CLANG_WARN_DEPRECATED_OBJC_IMPLEMENTATIONS = YES;
				CLANG_WARN_DIRECT_OBJC_ISA_USAGE = YES_ERROR;
				CLANG_WARN_DOCUMENTATION_COMMENTS = YES;
				CLANG_WARN_EMPTY_BODY = YES;
				CLANG_WARN_ENUM_CONVERSION = YES;
				CLANG_WARN_INFINITE_RECURSION = YES;
				CLANG_WARN_INT_CONVERSION = YES;
				CLANG_WARN_NON_LITERAL_NULL_CONVERSION = YES;
				CLANG_WARN_OBJC_IMPLICIT_RETAIN_SELF = YES;
				CLANG_WARN_OBJC_LITERAL_CONVERSION = YES;
				CLANG_WARN_OBJC_ROOT_CLASS = YES_ERROR;
				CLANG_WARN_QUOTED_INCLUDE_IN_FRAMEWORK_HEADER = YES;
				CLANG_WARN_RANGE_LOOP_ANALYSIS = YES;
				CLANG_WARN_STRICT_PROTOTYPES = YES;
				CLANG_WARN_SUSPICIOUS_MOVE = YES;
				CLANG_WARN_UNGUARDED_AVAILABILITY = YES_AGGRESSIVE;
				CLANG_WARN_UNREACHABLE_CODE = YES;
				CLANG_WARN__DUPLICATE_METHOD_MATCH = YES;
				COPY_PHASE_STRIP = NO;
				DEBUG_INFORMATION_FORMAT = dwarf;
				ENABLE_STRICT_OBJC_MSGSEND = YES;
				ENABLE_TESTABILITY = YES;
				GCC_C_LANGUAGE_STANDARD = gnu11;
				GCC_DYNAMIC_NO_PIC = NO;
				GCC_NO_COMMON_BLOCKS = YES;
				GCC_OPTIMIZATION_LEVEL = 0;
				GCC_PREPROCESSOR_DEFINITIONS = (
					"DEBUG=1",
					"$(inherited)",
				);
				GCC_WARN_64_TO_32_BIT_CONVERSION = YES;
				GCC_WARN_ABOUT_RETURN_TYPE = YES_ERROR;
				GCC_WARN_UNDECLARED_SELECTOR = YES;
				GCC_WARN_UNINITIALIZED_AUTOS = YES_AGGRESSIVE;
				GCC_WARN_UNUSED_FUNCTION = YES;
				GCC_WARN_UNUSED_VARIABLE = YES;
				IPHONEOS_DEPLOYMENT_TARGET = 14.2;
				MTL_ENABLE_DEBUG_INFO = INCLUDE_SOURCE;
				MTL_FAST_MATH = YES;
				ONLY_ACTIVE_ARCH = YES;
				SDKROOT = iphoneos;
			};
			name = Debug;
		};
		FA0B41FB25DDEDC900E69E0E /* Release */ = {
			isa = XCBuildConfiguration;
			buildSettings = {
				ALWAYS_SEARCH_USER_PATHS = NO;
				CLANG_ANALYZER_NONNULL = YES;
				CLANG_ANALYZER_NUMBER_OBJECT_CONVERSION = YES_AGGRESSIVE;
				CLANG_CXX_LANGUAGE_STANDARD = "gnu++14";
				CLANG_CXX_LIBRARY = "libc++";
				CLANG_ENABLE_MODULES = YES;
				CLANG_ENABLE_OBJC_ARC = YES;
				CLANG_ENABLE_OBJC_WEAK = YES;
				CLANG_WARN_BLOCK_CAPTURE_AUTORELEASING = YES;
				CLANG_WARN_BOOL_CONVERSION = YES;
				CLANG_WARN_COMMA = YES;
				CLANG_WARN_CONSTANT_CONVERSION = YES;
				CLANG_WARN_DEPRECATED_OBJC_IMPLEMENTATIONS = YES;
				CLANG_WARN_DIRECT_OBJC_ISA_USAGE = YES_ERROR;
				CLANG_WARN_DOCUMENTATION_COMMENTS = YES;
				CLANG_WARN_EMPTY_BODY = YES;
				CLANG_WARN_ENUM_CONVERSION = YES;
				CLANG_WARN_INFINITE_RECURSION = YES;
				CLANG_WARN_INT_CONVERSION = YES;
				CLANG_WARN_NON_LITERAL_NULL_CONVERSION = YES;
				CLANG_WARN_OBJC_IMPLICIT_RETAIN_SELF = YES;
				CLANG_WARN_OBJC_LITERAL_CONVERSION = YES;
				CLANG_WARN_OBJC_ROOT_CLASS = YES_ERROR;
				CLANG_WARN_QUOTED_INCLUDE_IN_FRAMEWORK_HEADER = YES;
				CLANG_WARN_RANGE_LOOP_ANALYSIS = YES;
				CLANG_WARN_STRICT_PROTOTYPES = YES;
				CLANG_WARN_SUSPICIOUS_MOVE = YES;
				CLANG_WARN_UNGUARDED_AVAILABILITY = YES_AGGRESSIVE;
				CLANG_WARN_UNREACHABLE_CODE = YES;
				CLANG_WARN__DUPLICATE_METHOD_MATCH = YES;
				COPY_PHASE_STRIP = NO;
				DEBUG_INFORMATION_FORMAT = "dwarf-with-dsym";
				ENABLE_NS_ASSERTIONS = NO;
				ENABLE_STRICT_OBJC_MSGSEND = YES;
				GCC_C_LANGUAGE_STANDARD = gnu11;
				GCC_NO_COMMON_BLOCKS = YES;
				GCC_WARN_64_TO_32_BIT_CONVERSION = YES;
				GCC_WARN_ABOUT_RETURN_TYPE = YES_ERROR;
				GCC_WARN_UNDECLARED_SELECTOR = YES;
				GCC_WARN_UNINITIALIZED_AUTOS = YES_AGGRESSIVE;
				GCC_WARN_UNUSED_FUNCTION = YES;
				GCC_WARN_UNUSED_VARIABLE = YES;
				IPHONEOS_DEPLOYMENT_TARGET = 14.2;
				MTL_ENABLE_DEBUG_INFO = NO;
				MTL_FAST_MATH = YES;
				SDKROOT = iphoneos;
				VALIDATE_PRODUCT = YES;
			};
			name = Release;
		};
		FA0B41FD25DDEDC900E69E0E /* Debug */ = {
			isa = XCBuildConfiguration;
			buildSettings = {
				ASSETCATALOG_COMPILER_APPICON_NAME = AppIcon;
				ASSETCATALOG_COMPILER_GLOBAL_ACCENT_COLOR_NAME = AccentColor;
				CLANG_ENABLE_MODULES = YES;
				CODE_SIGN_STYLE = Automatic;
				DEVELOPMENT_TEAM = N6RP3H788Z;
				GCC_PREPROCESSOR_DEFINITIONS = (
					"DEBUG=1",
					"$(inherited)",
					GLES_SILENCE_DEPRECATION,
				);
				"GCC_PREPROCESSOR_DEFINITIONS[arch=*]" = (
					"DEBUG=1",
					"$(inherited)",
				);
				INFOPLIST_FILE = A01055477_Assignment1/Info.plist;
				LD_RUNPATH_SEARCH_PATHS = (
					"$(inherited)",
					"@executable_path/Frameworks",
				);
				PRODUCT_BUNDLE_IDENTIFIER = "ca.btechgame.A01055477-Assignment1";
				PRODUCT_NAME = "$(TARGET_NAME)";
				SWIFT_OPTIMIZATION_LEVEL = "-Onone";
				SWIFT_VERSION = 5.0;
				TARGETED_DEVICE_FAMILY = "1,2";
			};
			name = Debug;
		};
		FA0B41FE25DDEDC900E69E0E /* Release */ = {
			isa = XCBuildConfiguration;
			buildSettings = {
				ASSETCATALOG_COMPILER_APPICON_NAME = AppIcon;
				ASSETCATALOG_COMPILER_GLOBAL_ACCENT_COLOR_NAME = AccentColor;
				CLANG_ENABLE_MODULES = YES;
				CODE_SIGN_STYLE = Automatic;
				DEVELOPMENT_TEAM = N6RP3H788Z;
				GCC_PREPROCESSOR_DEFINITIONS = GLES_SILENCE_DEPRECATION;
				INFOPLIST_FILE = A01055477_Assignment1/Info.plist;
				LD_RUNPATH_SEARCH_PATHS = (
					"$(inherited)",
					"@executable_path/Frameworks",
				);
				PRODUCT_BUNDLE_IDENTIFIER = "ca.btechgame.A01055477-Assignment1";
				PRODUCT_NAME = "$(TARGET_NAME)";
				SWIFT_VERSION = 5.0;
				TARGETED_DEVICE_FAMILY = "1,2";
			};
			name = Release;
		};
/* End XCBuildConfiguration section */

/* Begin XCConfigurationList section */
		FA0B41DE25DDEDC800E69E0E /* Build configuration list for PBXProject "A01055477_Assignment1" */ = {
			isa = XCConfigurationList;
			buildConfigurations = (
				FA0B41FA25DDEDC900E69E0E /* Debug */,
				FA0B41FB25DDEDC900E69E0E /* Release */,
			);
			defaultConfigurationIsVisible = 0;
			defaultConfigurationName = Release;
		};
		FA0B41FC25DDEDC900E69E0E /* Build configuration list for PBXNativeTarget "A01055477_Assignment1" */ = {
			isa = XCConfigurationList;
			buildConfigurations = (
				FA0B41FD25DDEDC900E69E0E /* Debug */,
				FA0B41FE25DDEDC900E69E0E /* Release */,
			);
			defaultConfigurationIsVisible = 0;
			defaultConfigurationName = Release;
		};
/* End XCConfigurationList section */
	};
	rootObject = FA0B41DB25DDEDC800E69E0E /* Project object */;
}
